
Microsoft Visual Studio Solution File, Format Version 12.00
# Visual Studio Version 17
VisualStudioVersion = 17.11.35208.52
MinimumVisualStudioVersion = 10.0.40219.1
Project("{FAE04EC0-301F-11D3-BF4B-00C04F79EFBC}") = "StockFlowERP", "StockFlowERP\StockFlowERP.csproj", "{EDF4A0E7-CBCF-4F8E-877C-0EF0F86EDB2A}"
EndProject
Global
	GlobalSection(SolutionConfigurationPlatforms) = preSolution
		Debug|Any CPU = Debug|Any CPU
		Release|Any CPU = Release|Any CPU
	EndGlobalSection
	GlobalSection(ProjectConfigurationPlatforms) = postSolution
		{EDF4A0E7-CBCF-4F8E-877C-0EF0F86EDB2A}.Debug|Any CPU.ActiveCfg = Debug|Any CPU
		{EDF4A0E7-CBCF-4F8E-877C-0EF0F86EDB2A}.Debug|Any CPU.Build.0 = Debug|Any CPU
		{EDF4A0E7-CBCF-4F8E-877C-0EF0F86EDB2A}.Release|Any CPU.ActiveCfg = Release|Any CPU
		{EDF4A0E7-CBCF-4F8E-877C-0EF0F86EDB2A}.Release|Any CPU.Build.0 = Release|Any CPU
	EndGlobalSection
	GlobalSection(SolutionProperties) = preSolution
		HideSolutionNode = FALSE
	EndGlobalSection
	GlobalSection(ExtensibilityGlobals) = postSolution
		SolutionGuid = {4E957A92-03C0-4663-B9C7-673BBB3C362D}
	EndGlobalSection
EndGlobal
